// !$*UTF8*$!
{
	archiveVersion = 1;
	classes = {
	};
	objectVersion = 46;
	objects = {

/* Begin PBXBuildFile section */
		23417A381E1F2D3200A1DA34 /* QKMessageActionFloatView.swift in Sources */ = {isa = PBXBuildFile; fileRef = 23417A371E1F2D3200A1DA34 /* QKMessageActionFloatView.swift */; };
		23417A3B1E1F471800A1DA34 /* QKMessageCell.swift in Sources */ = {isa = PBXBuildFile; fileRef = 23417A391E1F471800A1DA34 /* QKMessageCell.swift */; };
		23417A3C1E1F471800A1DA34 /* QKMessageCell.xib in Resources */ = {isa = PBXBuildFile; fileRef = 23417A3A1E1F471800A1DA34 /* QKMessageCell.xib */; };
		23417A3E1E1F739200A1DA34 /* UIBarButtonItem+Block.swift in Sources */ = {isa = PBXBuildFile; fileRef = 23417A3D1E1F739200A1DA34 /* UIBarButtonItem+Block.swift */; };
		23417A411E1F98FF00A1DA34 /* QKChatViewController.swift in Sources */ = {isa = PBXBuildFile; fileRef = 23417A3F1E1F98FF00A1DA34 /* QKChatViewController.swift */; };
		23417A421E1F98FF00A1DA34 /* QKChatViewController.xib in Resources */ = {isa = PBXBuildFile; fileRef = 23417A401E1F98FF00A1DA34 /* QKChatViewController.xib */; };
		23417A441E1F9B0800A1DA34 /* UIViewController+Extension.swift in Sources */ = {isa = PBXBuildFile; fileRef = 23417A431E1F9B0800A1DA34 /* UIViewController+Extension.swift */; };
		23417A461E1F9B6C00A1DA34 /* NSObject+String.swift in Sources */ = {isa = PBXBuildFile; fileRef = 23417A451E1F9B6C00A1DA34 /* NSObject+String.swift */; };
		235CCE9C1E1E1E9200C55ED3 /* DiscoverController.xib in Resources */ = {isa = PBXBuildFile; fileRef = 235CCE9B1E1E1E9200C55ED3 /* DiscoverController.xib */; };
		235CCE9E1E1E227C00C55ED3 /* Kenny.jpg in Resources */ = {isa = PBXBuildFile; fileRef = 235CCE9D1E1E227C00C55ED3 /* Kenny.jpg */; };
		235CCEA01E1E2C2C00C55ED3 /* MessageController.xib in Resources */ = {isa = PBXBuildFile; fileRef = 235CCE9F1E1E2C2C00C55ED3 /* MessageController.xib */; };
		235CCEA21E1E2CE700C55ED3 /* QKMessageModel.swift in Sources */ = {isa = PBXBuildFile; fileRef = 235CCEA11E1E2CE700C55ED3 /* QKMessageModel.swift */; };
		235CCEA41E1E301000C55ED3 /* QKModelTransformer.swift in Sources */ = {isa = PBXBuildFile; fileRef = 235CCEA31E1E301000C55ED3 /* QKModelTransformer.swift */; };
		235CCEA61E1E330F00C55ED3 /* NSDate+Extension.swift in Sources */ = {isa = PBXBuildFile; fileRef = 235CCEA51E1E330F00C55ED3 /* NSDate+Extension.swift */; };
		235CCEA81E1E411400C55ED3 /* CoreLocation.framework in Frameworks */ = {isa = PBXBuildFile; fileRef = 235CCEA71E1E411400C55ED3 /* CoreLocation.framework */; };
		2362E2B31E2324AF00CAA3E2 /* QKChatActionBarView.swift in Sources */ = {isa = PBXBuildFile; fileRef = 2362E2B21E2324AF00CAA3E2 /* QKChatActionBarView.swift */; };
		2362E2B51E2324D400CAA3E2 /* QKChatActionBarView.xib in Resources */ = {isa = PBXBuildFile; fileRef = 2362E2B41E2324D400CAA3E2 /* QKChatActionBarView.xib */; };
		2362E2B71E23288200CAA3E2 /* QKChatButton.swift in Sources */ = {isa = PBXBuildFile; fileRef = 2362E2B61E23288200CAA3E2 /* QKChatButton.swift */; };
		23A16DF01E1B884D007CD73A /* AppDelegate.swift in Sources */ = {isa = PBXBuildFile; fileRef = 23A16DEF1E1B884D007CD73A /* AppDelegate.swift */; };
		23A16E051E1B884D007CD73A /* SWeChatTests.swift in Sources */ = {isa = PBXBuildFile; fileRef = 23A16E041E1B884D007CD73A /* SWeChatTests.swift */; };
		23A16E101E1B884D007CD73A /* SWeChatUITests.swift in Sources */ = {isa = PBXBuildFile; fileRef = 23A16E0F1E1B884D007CD73A /* SWeChatUITests.swift */; };
		23A16E321E1B8F0C007CD73A /* Assets.xcassets in Resources */ = {isa = PBXBuildFile; fileRef = 23A16E311E1B8F0C007CD73A /* Assets.xcassets */; };
		23A16E421E1B936A007CD73A /* QKMainTabController.swift in Sources */ = {isa = PBXBuildFile; fileRef = 23A16E411E1B936A007CD73A /* QKMainTabController.swift */; };
		23A16E441E1B944C007CD73A /* TSUIImage+WeChat.swift in Sources */ = {isa = PBXBuildFile; fileRef = 23A16E431E1B944C007CD73A /* TSUIImage+WeChat.swift */; };
		23A16E461E1B9608007CD73A /* MessageController.swift in Sources */ = {isa = PBXBuildFile; fileRef = 23A16E451E1B9608007CD73A /* MessageController.swift */; };
		23A16E481E1B9627007CD73A /* ConstactsController.swift in Sources */ = {isa = PBXBuildFile; fileRef = 23A16E471E1B9627007CD73A /* ConstactsController.swift */; };
		23A16E4A1E1B9642007CD73A /* DiscoverController.swift in Sources */ = {isa = PBXBuildFile; fileRef = 23A16E491E1B9642007CD73A /* DiscoverController.swift */; };
		23A16E4C1E1B9659007CD73A /* MeController.swift in Sources */ = {isa = PBXBuildFile; fileRef = 23A16E4B1E1B9659007CD73A /* MeController.swift */; };
		23A16E4E1E1BA9F3007CD73A /* UICollor+WeChat.swift in Sources */ = {isa = PBXBuildFile; fileRef = 23A16E4D1E1BA9F3007CD73A /* UICollor+WeChat.swift */; };
		23A16E501E1BAFB3007CD73A /* Media.xcassets in Resources */ = {isa = PBXBuildFile; fileRef = 23A16E4F1E1BAFB3007CD73A /* Media.xcassets */; };
		23A2FCCF1E1C8BAD00517AC5 /* Info.plist in Resources */ = {isa = PBXBuildFile; fileRef = 23A2FCCE1E1C8BAD00517AC5 /* Info.plist */; };
		23A2FCD11E1C8E2300517AC5 /* MeController.xib in Resources */ = {isa = PBXBuildFile; fileRef = 23A2FCD01E1C8E2300517AC5 /* MeController.xib */; };
		23A2FCD61E1C912200517AC5 /* TSMeAvatarTableViewCell.swift in Sources */ = {isa = PBXBuildFile; fileRef = 23A2FCD41E1C912200517AC5 /* TSMeAvatarTableViewCell.swift */; };
		23A2FCD71E1C912200517AC5 /* TSMeAvatarTableViewCell.xib in Resources */ = {isa = PBXBuildFile; fileRef = 23A2FCD51E1C912200517AC5 /* TSMeAvatarTableViewCell.xib */; };
		23A2FCDA1E1C957B00517AC5 /* TSImageTextTableViewCell.swift in Sources */ = {isa = PBXBuildFile; fileRef = 23A2FCD81E1C957B00517AC5 /* TSImageTextTableViewCell.swift */; };
		23A2FCDB1E1C957B00517AC5 /* TSImageTextTableViewCell.xib in Resources */ = {isa = PBXBuildFile; fileRef = 23A2FCD91E1C957B00517AC5 /* TSImageTextTableViewCell.xib */; };
		23A2FCDD1E1C96EA00517AC5 /* QKLog.swift in Sources */ = {isa = PBXBuildFile; fileRef = 23A2FCDC1E1C96EA00517AC5 /* QKLog.swift */; };
		23A2FCE21E1CC38000517AC5 /* QKContactModel.swift in Sources */ = {isa = PBXBuildFile; fileRef = 23A2FCE11E1CC38000517AC5 /* QKContactModel.swift */; };
		23A2FCE41E1CC4F200517AC5 /* QKModel.swift in Sources */ = {isa = PBXBuildFile; fileRef = 23A2FCE31E1CC4F200517AC5 /* QKModel.swift */; };
		23A2FCE51E1CC59700517AC5 /* QKModel.swift in Sources */ = {isa = PBXBuildFile; fileRef = 23A2FCE31E1CC4F200517AC5 /* QKModel.swift */; };
		23A2FCE71E1CCD4500517AC5 /* ConstactsController.xib in Resources */ = {isa = PBXBuildFile; fileRef = 23A2FCE61E1CCD4500517AC5 /* ConstactsController.xib */; };
		23A2FCEC1E1CD1B400517AC5 /* QKConstactCell.swift in Sources */ = {isa = PBXBuildFile; fileRef = 23A2FCEA1E1CD1B400517AC5 /* QKConstactCell.swift */; };
		23A2FCED1E1CD1B400517AC5 /* QKConstactCell.xib in Resources */ = {isa = PBXBuildFile; fileRef = 23A2FCEB1E1CD1B400517AC5 /* QKConstactCell.xib */; };
		23A2FCEF1E1CD68F00517AC5 /* QKImageView+WebChat.swift in Sources */ = {isa = PBXBuildFile; fileRef = 23A2FCEE1E1CD68F00517AC5 /* QKImageView+WebChat.swift */; };
		23A2FCF51E1CEE1800517AC5 /* chat.json in Resources */ = {isa = PBXBuildFile; fileRef = 23A2FCF11E1CEE1800517AC5 /* chat.json */; };
		23A2FCF61E1CEE1800517AC5 /* contact.json in Resources */ = {isa = PBXBuildFile; fileRef = 23A2FCF21E1CEE1800517AC5 /* contact.json */; };
		23A2FCF71E1CEE1800517AC5 /* message.json in Resources */ = {isa = PBXBuildFile; fileRef = 23A2FCF31E1CEE1800517AC5 /* message.json */; };
		23A2FCF81E1CEE1800517AC5 /* moments.json in Resources */ = {isa = PBXBuildFile; fileRef = 23A2FCF41E1CEE1800517AC5 /* moments.json */; };
		23A2FCFA1E1CF1F300517AC5 /* NSDictionary+Extension.swift in Sources */ = {isa = PBXBuildFile; fileRef = 23A2FCF91E1CF1F300517AC5 /* NSDictionary+Extension.swift */; };
		C75E9317DD78DC99609B7EFF /* Pods_SWeChat.framework in Frameworks */ = {isa = PBXBuildFile; fileRef = 03996E874CF1D5276B420E2E /* Pods_SWeChat.framework */; };
/* End PBXBuildFile section */

/* Begin PBXContainerItemProxy section */
		23A16E011E1B884D007CD73A /* PBXContainerItemProxy */ = {
			isa = PBXContainerItemProxy;
			containerPortal = 23A16DE41E1B884D007CD73A /* Project object */;
			proxyType = 1;
			remoteGlobalIDString = 23A16DEB1E1B884D007CD73A;
			remoteInfo = SWeChat;
		};
		23A16E0C1E1B884D007CD73A /* PBXContainerItemProxy */ = {
			isa = PBXContainerItemProxy;
			containerPortal = 23A16DE41E1B884D007CD73A /* Project object */;
			proxyType = 1;
			remoteGlobalIDString = 23A16DEB1E1B884D007CD73A;
			remoteInfo = SWeChat;
		};
/* End PBXContainerItemProxy section */

/* Begin PBXFileReference section */
		03996E874CF1D5276B420E2E /* Pods_SWeChat.framework */ = {isa = PBXFileReference; explicitFileType = wrapper.framework; includeInIndex = 0; path = Pods_SWeChat.framework; sourceTree = BUILT_PRODUCTS_DIR; };
		23417A371E1F2D3200A1DA34 /* QKMessageActionFloatView.swift */ = {isa = PBXFileReference; fileEncoding = 4; lastKnownFileType = sourcecode.swift; path = QKMessageActionFloatView.swift; sourceTree = "<group>"; };
		23417A391E1F471800A1DA34 /* QKMessageCell.swift */ = {isa = PBXFileReference; fileEncoding = 4; lastKnownFileType = sourcecode.swift; path = QKMessageCell.swift; sourceTree = "<group>"; };
		23417A3A1E1F471800A1DA34 /* QKMessageCell.xib */ = {isa = PBXFileReference; fileEncoding = 4; lastKnownFileType = file.xib; path = QKMessageCell.xib; sourceTree = "<group>"; };
		23417A3D1E1F739200A1DA34 /* UIBarButtonItem+Block.swift */ = {isa = PBXFileReference; fileEncoding = 4; lastKnownFileType = sourcecode.swift; path = "UIBarButtonItem+Block.swift"; sourceTree = "<group>"; };
		23417A3F1E1F98FF00A1DA34 /* QKChatViewController.swift */ = {isa = PBXFileReference; fileEncoding = 4; lastKnownFileType = sourcecode.swift; path = QKChatViewController.swift; sourceTree = "<group>"; };
		23417A401E1F98FF00A1DA34 /* QKChatViewController.xib */ = {isa = PBXFileReference; fileEncoding = 4; lastKnownFileType = file.xib; path = QKChatViewController.xib; sourceTree = "<group>"; };
		23417A431E1F9B0800A1DA34 /* UIViewController+Extension.swift */ = {isa = PBXFileReference; fileEncoding = 4; lastKnownFileType = sourcecode.swift; path = "UIViewController+Extension.swift"; sourceTree = "<group>"; };
		23417A451E1F9B6C00A1DA34 /* NSObject+String.swift */ = {isa = PBXFileReference; fileEncoding = 4; lastKnownFileType = sourcecode.swift; path = "NSObject+String.swift"; sourceTree = "<group>"; };
		235CCE9B1E1E1E9200C55ED3 /* DiscoverController.xib */ = {isa = PBXFileReference; fileEncoding = 4; lastKnownFileType = file.xib; path = DiscoverController.xib; sourceTree = "<group>"; };
		235CCE9D1E1E227C00C55ED3 /* Kenny.jpg */ = {isa = PBXFileReference; lastKnownFileType = image.jpeg; path = Kenny.jpg; sourceTree = "<group>"; };
		235CCE9F1E1E2C2C00C55ED3 /* MessageController.xib */ = {isa = PBXFileReference; fileEncoding = 4; lastKnownFileType = file.xib; path = MessageController.xib; sourceTree = "<group>"; };
		235CCEA11E1E2CE700C55ED3 /* QKMessageModel.swift */ = {isa = PBXFileReference; fileEncoding = 4; lastKnownFileType = sourcecode.swift; path = QKMessageModel.swift; sourceTree = "<group>"; };
		235CCEA31E1E301000C55ED3 /* QKModelTransformer.swift */ = {isa = PBXFileReference; fileEncoding = 4; lastKnownFileType = sourcecode.swift; path = QKModelTransformer.swift; sourceTree = "<group>"; };
		235CCEA51E1E330F00C55ED3 /* NSDate+Extension.swift */ = {isa = PBXFileReference; fileEncoding = 4; lastKnownFileType = sourcecode.swift; path = "NSDate+Extension.swift"; sourceTree = "<group>"; };
		235CCEA71E1E411400C55ED3 /* CoreLocation.framework */ = {isa = PBXFileReference; lastKnownFileType = wrapper.framework; name = CoreLocation.framework; path = System/Library/Frameworks/CoreLocation.framework; sourceTree = SDKROOT; };
		2362E2B21E2324AF00CAA3E2 /* QKChatActionBarView.swift */ = {isa = PBXFileReference; fileEncoding = 4; lastKnownFileType = sourcecode.swift; path = QKChatActionBarView.swift; sourceTree = "<group>"; };
		2362E2B41E2324D400CAA3E2 /* QKChatActionBarView.xib */ = {isa = PBXFileReference; fileEncoding = 4; lastKnownFileType = file.xib; path = QKChatActionBarView.xib; sourceTree = "<group>"; };
		2362E2B61E23288200CAA3E2 /* QKChatButton.swift */ = {isa = PBXFileReference; fileEncoding = 4; lastKnownFileType = sourcecode.swift; path = QKChatButton.swift; sourceTree = "<group>"; };
		23A16DEC1E1B884D007CD73A /* SWeChat.app */ = {isa = PBXFileReference; explicitFileType = wrapper.application; includeInIndex = 0; path = SWeChat.app; sourceTree = BUILT_PRODUCTS_DIR; };
		23A16DEF1E1B884D007CD73A /* AppDelegate.swift */ = {isa = PBXFileReference; lastKnownFileType = sourcecode.swift; path = AppDelegate.swift; sourceTree = "<group>"; };
		23A16E001E1B884D007CD73A /* SWeChatTests.xctest */ = {isa = PBXFileReference; explicitFileType = wrapper.cfbundle; includeInIndex = 0; path = SWeChatTests.xctest; sourceTree = BUILT_PRODUCTS_DIR; };
		23A16E041E1B884D007CD73A /* SWeChatTests.swift */ = {isa = PBXFileReference; lastKnownFileType = sourcecode.swift; path = SWeChatTests.swift; sourceTree = "<group>"; };
		23A16E061E1B884D007CD73A /* Info.plist */ = {isa = PBXFileReference; lastKnownFileType = text.plist.xml; path = Info.plist; sourceTree = "<group>"; };
		23A16E0B1E1B884D007CD73A /* SWeChatUITests.xctest */ = {isa = PBXFileReference; explicitFileType = wrapper.cfbundle; includeInIndex = 0; path = SWeChatUITests.xctest; sourceTree = BUILT_PRODUCTS_DIR; };
		23A16E0F1E1B884D007CD73A /* SWeChatUITests.swift */ = {isa = PBXFileReference; lastKnownFileType = sourcecode.swift; path = SWeChatUITests.swift; sourceTree = "<group>"; };
		23A16E111E1B884D007CD73A /* Info.plist */ = {isa = PBXFileReference; lastKnownFileType = text.plist.xml; path = Info.plist; sourceTree = "<group>"; };
		23A16E311E1B8F0C007CD73A /* Assets.xcassets */ = {isa = PBXFileReference; lastKnownFileType = folder.assetcatalog; path = Assets.xcassets; sourceTree = "<group>"; };
		23A16E411E1B936A007CD73A /* QKMainTabController.swift */ = {isa = PBXFileReference; fileEncoding = 4; lastKnownFileType = sourcecode.swift; path = QKMainTabController.swift; sourceTree = "<group>"; };
		23A16E431E1B944C007CD73A /* TSUIImage+WeChat.swift */ = {isa = PBXFileReference; fileEncoding = 4; lastKnownFileType = sourcecode.swift; path = "TSUIImage+WeChat.swift"; sourceTree = "<group>"; };
		23A16E451E1B9608007CD73A /* MessageController.swift */ = {isa = PBXFileReference; fileEncoding = 4; lastKnownFileType = sourcecode.swift; path = MessageController.swift; sourceTree = "<group>"; };
		23A16E471E1B9627007CD73A /* ConstactsController.swift */ = {isa = PBXFileReference; fileEncoding = 4; lastKnownFileType = sourcecode.swift; path = ConstactsController.swift; sourceTree = "<group>"; };
		23A16E491E1B9642007CD73A /* DiscoverController.swift */ = {isa = PBXFileReference; fileEncoding = 4; lastKnownFileType = sourcecode.swift; path = DiscoverController.swift; sourceTree = "<group>"; };
		23A16E4B1E1B9659007CD73A /* MeController.swift */ = {isa = PBXFileReference; fileEncoding = 4; lastKnownFileType = sourcecode.swift; path = MeController.swift; sourceTree = "<group>"; };
		23A16E4D1E1BA9F3007CD73A /* UICollor+WeChat.swift */ = {isa = PBXFileReference; fileEncoding = 4; lastKnownFileType = sourcecode.swift; path = "UICollor+WeChat.swift"; sourceTree = "<group>"; };
		23A16E4F1E1BAFB3007CD73A /* Media.xcassets */ = {isa = PBXFileReference; lastKnownFileType = folder.assetcatalog; path = Media.xcassets; sourceTree = "<group>"; };
		23A2FCCE1E1C8BAD00517AC5 /* Info.plist */ = {isa = PBXFileReference; fileEncoding = 4; lastKnownFileType = text.plist.xml; path = Info.plist; sourceTree = "<group>"; };
		23A2FCD01E1C8E2300517AC5 /* MeController.xib */ = {isa = PBXFileReference; fileEncoding = 4; lastKnownFileType = file.xib; path = MeController.xib; sourceTree = "<group>"; };
		23A2FCD41E1C912200517AC5 /* TSMeAvatarTableViewCell.swift */ = {isa = PBXFileReference; fileEncoding = 4; lastKnownFileType = sourcecode.swift; path = TSMeAvatarTableViewCell.swift; sourceTree = "<group>"; };
		23A2FCD51E1C912200517AC5 /* TSMeAvatarTableViewCell.xib */ = {isa = PBXFileReference; fileEncoding = 4; lastKnownFileType = file.xib; path = TSMeAvatarTableViewCell.xib; sourceTree = "<group>"; };
		23A2FCD81E1C957B00517AC5 /* TSImageTextTableViewCell.swift */ = {isa = PBXFileReference; fileEncoding = 4; lastKnownFileType = sourcecode.swift; path = TSImageTextTableViewCell.swift; sourceTree = "<group>"; };
		23A2FCD91E1C957B00517AC5 /* TSImageTextTableViewCell.xib */ = {isa = PBXFileReference; fileEncoding = 4; lastKnownFileType = file.xib; path = TSImageTextTableViewCell.xib; sourceTree = "<group>"; };
		23A2FCDC1E1C96EA00517AC5 /* QKLog.swift */ = {isa = PBXFileReference; fileEncoding = 4; lastKnownFileType = sourcecode.swift; path = QKLog.swift; sourceTree = "<group>"; };
		23A2FCE11E1CC38000517AC5 /* QKContactModel.swift */ = {isa = PBXFileReference; fileEncoding = 4; lastKnownFileType = sourcecode.swift; path = QKContactModel.swift; sourceTree = "<group>"; };
		23A2FCE31E1CC4F200517AC5 /* QKModel.swift */ = {isa = PBXFileReference; fileEncoding = 4; lastKnownFileType = sourcecode.swift; path = QKModel.swift; sourceTree = "<group>"; };
		23A2FCE61E1CCD4500517AC5 /* ConstactsController.xib */ = {isa = PBXFileReference; fileEncoding = 4; lastKnownFileType = file.xib; path = ConstactsController.xib; sourceTree = "<group>"; };
		23A2FCEA1E1CD1B400517AC5 /* QKConstactCell.swift */ = {isa = PBXFileReference; fileEncoding = 4; lastKnownFileType = sourcecode.swift; path = QKConstactCell.swift; sourceTree = "<group>"; };
		23A2FCEB1E1CD1B400517AC5 /* QKConstactCell.xib */ = {isa = PBXFileReference; fileEncoding = 4; lastKnownFileType = file.xib; path = QKConstactCell.xib; sourceTree = "<group>"; };
		23A2FCEE1E1CD68F00517AC5 /* QKImageView+WebChat.swift */ = {isa = PBXFileReference; fileEncoding = 4; lastKnownFileType = sourcecode.swift; path = "QKImageView+WebChat.swift"; sourceTree = "<group>"; };
		23A2FCF11E1CEE1800517AC5 /* chat.json */ = {isa = PBXFileReference; fileEncoding = 4; lastKnownFileType = text.json; path = chat.json; sourceTree = "<group>"; };
		23A2FCF21E1CEE1800517AC5 /* contact.json */ = {isa = PBXFileReference; fileEncoding = 4; lastKnownFileType = text.json; path = contact.json; sourceTree = "<group>"; };
		23A2FCF31E1CEE1800517AC5 /* message.json */ = {isa = PBXFileReference; fileEncoding = 4; lastKnownFileType = text.json; path = message.json; sourceTree = "<group>"; };
		23A2FCF41E1CEE1800517AC5 /* moments.json */ = {isa = PBXFileReference; fileEncoding = 4; lastKnownFileType = text.json; path = moments.json; sourceTree = "<group>"; };
		23A2FCF91E1CF1F300517AC5 /* NSDictionary+Extension.swift */ = {isa = PBXFileReference; fileEncoding = 4; lastKnownFileType = sourcecode.swift; path = "NSDictionary+Extension.swift"; sourceTree = "<group>"; };
		85BDAE587576D80875DFB210 /* Pods-SWeChat.debug.xcconfig */ = {isa = PBXFileReference; includeInIndex = 1; lastKnownFileType = text.xcconfig; name = "Pods-SWeChat.debug.xcconfig"; path = "Pods/Target Support Files/Pods-SWeChat/Pods-SWeChat.debug.xcconfig"; sourceTree = "<group>"; };
		8F1777F9A160EF32D704C198 /* Pods-SWeChat.release.xcconfig */ = {isa = PBXFileReference; includeInIndex = 1; lastKnownFileType = text.xcconfig; name = "Pods-SWeChat.release.xcconfig"; path = "Pods/Target Support Files/Pods-SWeChat/Pods-SWeChat.release.xcconfig"; sourceTree = "<group>"; };
/* End PBXFileReference section */

/* Begin PBXFrameworksBuildPhase section */
		23A16DE91E1B884D007CD73A /* Frameworks */ = {
			isa = PBXFrameworksBuildPhase;
			buildActionMask = 2147483647;
			files = (
				235CCEA81E1E411400C55ED3 /* CoreLocation.framework in Frameworks */,
				C75E9317DD78DC99609B7EFF /* Pods_SWeChat.framework in Frameworks */,
			);
			runOnlyForDeploymentPostprocessing = 0;
		};
		23A16DFD1E1B884D007CD73A /* Frameworks */ = {
			isa = PBXFrameworksBuildPhase;
			buildActionMask = 2147483647;
			files = (
			);
			runOnlyForDeploymentPostprocessing = 0;
		};
		23A16E081E1B884D007CD73A /* Frameworks */ = {
			isa = PBXFrameworksBuildPhase;
			buildActionMask = 2147483647;
			files = (
			);
			runOnlyForDeploymentPostprocessing = 0;
		};
/* End PBXFrameworksBuildPhase section */

/* Begin PBXGroup section */
		23417A361E1F2D1400A1DA34 /* View */ = {
			isa = PBXGroup;
			children = (
				23417A371E1F2D3200A1DA34 /* QKMessageActionFloatView.swift */,
				23417A391E1F471800A1DA34 /* QKMessageCell.swift */,
				23417A3A1E1F471800A1DA34 /* QKMessageCell.xib */,
			);
			name = View;
			sourceTree = "<group>";
		};
		23417A471E1FA1FA00A1DA34 /* View */ = {
			isa = PBXGroup;
			children = (
				2362E2B21E2324AF00CAA3E2 /* QKChatActionBarView.swift */,
				2362E2B41E2324D400CAA3E2 /* QKChatActionBarView.xib */,
				2362E2B61E23288200CAA3E2 /* QKChatButton.swift */,
			);
			name = View;
			sourceTree = "<group>";
		};
		23417A481E1FA1FF00A1DA34 /* Controller */ = {
			isa = PBXGroup;
			children = (
				23417A3F1E1F98FF00A1DA34 /* QKChatViewController.swift */,
				23417A401E1F98FF00A1DA34 /* QKChatViewController.xib */,
			);
			name = Controller;
			sourceTree = "<group>";
		};
		23A16DE31E1B884D007CD73A = {
			isa = PBXGroup;
			children = (
				23A16DEE1E1B884D007CD73A /* SWeChat */,
				23A16E031E1B884D007CD73A /* SWeChatTests */,
				23A16E0E1E1B884D007CD73A /* SWeChatUITests */,
				23A16DED1E1B884D007CD73A /* Products */,
				4796A531E64BE99F137694AA /* Pods */,
				88DFD418E3D41E5C260FA23E /* Frameworks */,
			);
			sourceTree = "<group>";
		};
		23A16DED1E1B884D007CD73A /* Products */ = {
			isa = PBXGroup;
			children = (
				23A16DEC1E1B884D007CD73A /* SWeChat.app */,
				23A16E001E1B884D007CD73A /* SWeChatTests.xctest */,
				23A16E0B1E1B884D007CD73A /* SWeChatUITests.xctest */,
			);
			name = Products;
			sourceTree = "<group>";
		};
		23A16DEE1E1B884D007CD73A /* SWeChat */ = {
			isa = PBXGroup;
			children = (
				23A16E221E1B8E0B007CD73A /* Classes */,
				23A2FCDE1E1CC30900517AC5 /* CoreModule */,
				23A2FCCD1E1C8BAD00517AC5 /* Supportting Files */,
				23A16E301E1B8E5E007CD73A /* Vendor */,
				23A16E2E1E1B8E3D007CD73A /* Mascro */,
				23A16E2D1E1B8E38007CD73A /* Helpers */,
				23A16E2C1E1B8E32007CD73A /* General */,
				23A16E2F1E1B8E4D007CD73A /* Resources */,
				23A16DEF1E1B884D007CD73A /* AppDelegate.swift */,
			);
			path = SWeChat;
			sourceTree = "<group>";
		};
		23A16E031E1B884D007CD73A /* SWeChatTests */ = {
			isa = PBXGroup;
			children = (
				23A16E041E1B884D007CD73A /* SWeChatTests.swift */,
				23A16E061E1B884D007CD73A /* Info.plist */,
			);
			path = SWeChatTests;
			sourceTree = "<group>";
		};
		23A16E0E1E1B884D007CD73A /* SWeChatUITests */ = {
			isa = PBXGroup;
			children = (
				23A16E0F1E1B884D007CD73A /* SWeChatUITests.swift */,
				23A16E111E1B884D007CD73A /* Info.plist */,
			);
			path = SWeChatUITests;
			sourceTree = "<group>";
		};
		23A16E221E1B8E0B007CD73A /* Classes */ = {
			isa = PBXGroup;
			children = (
				23A16E231E1B8E0B007CD73A /* Chat */,
				23A16E241E1B8E0B007CD73A /* Contacts */,
				23A16E251E1B8E0B007CD73A /* CoreModule */,
				23A16E261E1B8E0B007CD73A /* Discover */,
				23A16E271E1B8E0B007CD73A /* Me */,
				23A16E281E1B8E0B007CD73A /* Message */,
				23A16E291E1B8E0B007CD73A /* Moments */,
				23A16E2A1E1B8E0B007CD73A /* Tabbar */,
				23A16E2B1E1B8E0B007CD73A /* Web */,
			);
			path = Classes;
			sourceTree = "<group>";
		};
		23A16E231E1B8E0B007CD73A /* Chat */ = {
			isa = PBXGroup;
			children = (
				23417A481E1FA1FF00A1DA34 /* Controller */,
				23417A471E1FA1FA00A1DA34 /* View */,
			);
			path = Chat;
			sourceTree = "<group>";
		};
		23A16E241E1B8E0B007CD73A /* Contacts */ = {
			isa = PBXGroup;
			children = (
				23A2FCE91E1CD17A00517AC5 /* View */,
				23A2FCE81E1CD17000517AC5 /* Controller */,
			);
			path = Contacts;
			sourceTree = "<group>";
		};
		23A16E251E1B8E0B007CD73A /* CoreModule */ = {
			isa = PBXGroup;
			children = (
				23A2FCE01E1CC35300517AC5 /* Models */,
				23A2FCDF1E1CC34D00517AC5 /* Http */,
			);
			path = CoreModule;
			sourceTree = "<group>";
		};
		23A16E261E1B8E0B007CD73A /* Discover */ = {
			isa = PBXGroup;
			children = (
				23A16E491E1B9642007CD73A /* DiscoverController.swift */,
				235CCE9B1E1E1E9200C55ED3 /* DiscoverController.xib */,
			);
			path = Discover;
			sourceTree = "<group>";
		};
		23A16E271E1B8E0B007CD73A /* Me */ = {
			isa = PBXGroup;
			children = (
				23A2FCD31E1C90FF00517AC5 /* Controller */,
				23A2FCD21E1C90F400517AC5 /* View */,
			);
			path = Me;
			sourceTree = "<group>";
		};
		23A16E281E1B8E0B007CD73A /* Message */ = {
			isa = PBXGroup;
			children = (
				23417A361E1F2D1400A1DA34 /* View */,
				23A16E451E1B9608007CD73A /* MessageController.swift */,
				235CCE9F1E1E2C2C00C55ED3 /* MessageController.xib */,
			);
			path = Message;
			sourceTree = "<group>";
		};
		23A16E291E1B8E0B007CD73A /* Moments */ = {
			isa = PBXGroup;
			children = (
			);
			path = Moments;
			sourceTree = "<group>";
		};
		23A16E2A1E1B8E0B007CD73A /* Tabbar */ = {
			isa = PBXGroup;
			children = (
				23A16E411E1B936A007CD73A /* QKMainTabController.swift */,
			);
			path = Tabbar;
			sourceTree = "<group>";
		};
		23A16E2B1E1B8E0B007CD73A /* Web */ = {
			isa = PBXGroup;
			children = (
			);
			path = Web;
			sourceTree = "<group>";
		};
		23A16E2C1E1B8E32007CD73A /* General */ = {
			isa = PBXGroup;
			children = (
				23A16E431E1B944C007CD73A /* TSUIImage+WeChat.swift */,
				23A16E4D1E1BA9F3007CD73A /* UICollor+WeChat.swift */,
				23A2FCDC1E1C96EA00517AC5 /* QKLog.swift */,
				23A2FCEE1E1CD68F00517AC5 /* QKImageView+WebChat.swift */,
			);
			path = General;
			sourceTree = "<group>";
		};
		23A16E2D1E1B8E38007CD73A /* Helpers */ = {
			isa = PBXGroup;
			children = (
				23A2FCF91E1CF1F300517AC5 /* NSDictionary+Extension.swift */,
				235CCEA51E1E330F00C55ED3 /* NSDate+Extension.swift */,
				23417A3D1E1F739200A1DA34 /* UIBarButtonItem+Block.swift */,
				23417A431E1F9B0800A1DA34 /* UIViewController+Extension.swift */,
				23417A451E1F9B6C00A1DA34 /* NSObject+String.swift */,
			);
			path = Helpers;
			sourceTree = "<group>";
		};
		23A16E2E1E1B8E3D007CD73A /* Mascro */ = {
			isa = PBXGroup;
			children = (
			);
			path = Mascro;
			sourceTree = "<group>";
		};
		23A16E2F1E1B8E4D007CD73A /* Resources */ = {
			isa = PBXGroup;
			children = (
				235CCE9D1E1E227C00C55ED3 /* Kenny.jpg */,
				23A2FCF01E1CEE1800517AC5 /* JSON */,
				23A16E4F1E1BAFB3007CD73A /* Media.xcassets */,
				23A16E311E1B8F0C007CD73A /* Assets.xcassets */,
			);
			path = Resources;
			sourceTree = "<group>";
		};
		23A16E301E1B8E5E007CD73A /* Vendor */ = {
			isa = PBXGroup;
			children = (
			);
			path = Vendor;
			sourceTree = "<group>";
		};
		23A2FCCD1E1C8BAD00517AC5 /* Supportting Files */ = {
			isa = PBXGroup;
			children = (
				23A2FCCE1E1C8BAD00517AC5 /* Info.plist */,
			);
			path = "Supportting Files";
			sourceTree = "<group>";
		};
		23A2FCD21E1C90F400517AC5 /* View */ = {
			isa = PBXGroup;
			children = (
				23A2FCD41E1C912200517AC5 /* TSMeAvatarTableViewCell.swift */,
				23A2FCD51E1C912200517AC5 /* TSMeAvatarTableViewCell.xib */,
				23A2FCD81E1C957B00517AC5 /* TSImageTextTableViewCell.swift */,
				23A2FCD91E1C957B00517AC5 /* TSImageTextTableViewCell.xib */,
			);
			name = View;
			sourceTree = "<group>";
		};
		23A2FCD31E1C90FF00517AC5 /* Controller */ = {
			isa = PBXGroup;
			children = (
				23A16E4B1E1B9659007CD73A /* MeController.swift */,
				23A2FCD01E1C8E2300517AC5 /* MeController.xib */,
			);
			name = Controller;
			sourceTree = "<group>";
		};
		23A2FCDE1E1CC30900517AC5 /* CoreModule */ = {
			isa = PBXGroup;
			children = (
			);
			name = CoreModule;
			path = Classes/CoreModule;
			sourceTree = "<group>";
		};
		23A2FCDF1E1CC34D00517AC5 /* Http */ = {
			isa = PBXGroup;
			children = (
			);
			path = Http;
			sourceTree = "<group>";
		};
		23A2FCE01E1CC35300517AC5 /* Models */ = {
			isa = PBXGroup;
			children = (
				23A2FCE11E1CC38000517AC5 /* QKContactModel.swift */,
				23A2FCE31E1CC4F200517AC5 /* QKModel.swift */,
				235CCEA11E1E2CE700C55ED3 /* QKMessageModel.swift */,
				235CCEA31E1E301000C55ED3 /* QKModelTransformer.swift */,
			);
			path = Models;
			sourceTree = "<group>";
		};
		23A2FCE81E1CD17000517AC5 /* Controller */ = {
			isa = PBXGroup;
			children = (
				23A16E471E1B9627007CD73A /* ConstactsController.swift */,
				23A2FCE61E1CCD4500517AC5 /* ConstactsController.xib */,
			);
			name = Controller;
			sourceTree = "<group>";
		};
		23A2FCE91E1CD17A00517AC5 /* View */ = {
			isa = PBXGroup;
			children = (
				23A2FCEA1E1CD1B400517AC5 /* QKConstactCell.swift */,
				23A2FCEB1E1CD1B400517AC5 /* QKConstactCell.xib */,
			);
			name = View;
			sourceTree = "<group>";
		};
		23A2FCF01E1CEE1800517AC5 /* JSON */ = {
			isa = PBXGroup;
			children = (
				23A2FCF11E1CEE1800517AC5 /* chat.json */,
				23A2FCF21E1CEE1800517AC5 /* contact.json */,
				23A2FCF31E1CEE1800517AC5 /* message.json */,
				23A2FCF41E1CEE1800517AC5 /* moments.json */,
			);
			path = JSON;
			sourceTree = "<group>";
		};
		4796A531E64BE99F137694AA /* Pods */ = {
			isa = PBXGroup;
			children = (
				85BDAE587576D80875DFB210 /* Pods-SWeChat.debug.xcconfig */,
				8F1777F9A160EF32D704C198 /* Pods-SWeChat.release.xcconfig */,
			);
			name = Pods;
			sourceTree = "<group>";
		};
		88DFD418E3D41E5C260FA23E /* Frameworks */ = {
			isa = PBXGroup;
			children = (
				235CCEA71E1E411400C55ED3 /* CoreLocation.framework */,
				03996E874CF1D5276B420E2E /* Pods_SWeChat.framework */,
			);
			name = Frameworks;
			sourceTree = "<group>";
		};
/* End PBXGroup section */

/* Begin PBXNativeTarget section */
		23A16DEB1E1B884D007CD73A /* SWeChat */ = {
			isa = PBXNativeTarget;
			buildConfigurationList = 23A16E141E1B884D007CD73A /* Build configuration list for PBXNativeTarget "SWeChat" */;
			buildPhases = (
				D868F8F22E15D1E5ECBDFB61 /* [CP] Check Pods Manifest.lock */,
				23A16DE81E1B884D007CD73A /* Sources */,
				23A16DE91E1B884D007CD73A /* Frameworks */,
				23A16DEA1E1B884D007CD73A /* Resources */,
				114C4C849664194640000A62 /* [CP] Embed Pods Frameworks */,
				1A458762089C0B490B6DA43A /* [CP] Copy Pods Resources */,
			);
			buildRules = (
			);
			dependencies = (
			);
			name = SWeChat;
			productName = SWeChat;
			productReference = 23A16DEC1E1B884D007CD73A /* SWeChat.app */;
			productType = "com.apple.product-type.application";
		};
		23A16DFF1E1B884D007CD73A /* SWeChatTests */ = {
			isa = PBXNativeTarget;
			buildConfigurationList = 23A16E171E1B884D007CD73A /* Build configuration list for PBXNativeTarget "SWeChatTests" */;
			buildPhases = (
				23A16DFC1E1B884D007CD73A /* Sources */,
				23A16DFD1E1B884D007CD73A /* Frameworks */,
				23A16DFE1E1B884D007CD73A /* Resources */,
			);
			buildRules = (
			);
			dependencies = (
				23A16E021E1B884D007CD73A /* PBXTargetDependency */,
			);
			name = SWeChatTests;
			productName = SWeChatTests;
			productReference = 23A16E001E1B884D007CD73A /* SWeChatTests.xctest */;
			productType = "com.apple.product-type.bundle.unit-test";
		};
		23A16E0A1E1B884D007CD73A /* SWeChatUITests */ = {
			isa = PBXNativeTarget;
			buildConfigurationList = 23A16E1A1E1B884D007CD73A /* Build configuration list for PBXNativeTarget "SWeChatUITests" */;
			buildPhases = (
				23A16E071E1B884D007CD73A /* Sources */,
				23A16E081E1B884D007CD73A /* Frameworks */,
				23A16E091E1B884D007CD73A /* Resources */,
			);
			buildRules = (
			);
			dependencies = (
				23A16E0D1E1B884D007CD73A /* PBXTargetDependency */,
			);
			name = SWeChatUITests;
			productName = SWeChatUITests;
			productReference = 23A16E0B1E1B884D007CD73A /* SWeChatUITests.xctest */;
			productType = "com.apple.product-type.bundle.ui-testing";
		};
/* End PBXNativeTarget section */

/* Begin PBXProject section */
		23A16DE41E1B884D007CD73A /* Project object */ = {
			isa = PBXProject;
			attributes = {
				LastSwiftUpdateCheck = 0820;
				LastUpgradeCheck = 0820;
				ORGANIZATIONNAME = ChiCo;
				TargetAttributes = {
					23A16DEB1E1B884D007CD73A = {
						CreatedOnToolsVersion = 8.2.1;
						ProvisioningStyle = Manual;
					};
					23A16DFF1E1B884D007CD73A = {
						CreatedOnToolsVersion = 8.2.1;
						ProvisioningStyle = Automatic;
						TestTargetID = 23A16DEB1E1B884D007CD73A;
					};
					23A16E0A1E1B884D007CD73A = {
						CreatedOnToolsVersion = 8.2.1;
						ProvisioningStyle = Automatic;
						TestTargetID = 23A16DEB1E1B884D007CD73A;
					};
				};
			};
			buildConfigurationList = 23A16DE71E1B884D007CD73A /* Build configuration list for PBXProject "SWeChat" */;
			compatibilityVersion = "Xcode 3.2";
			developmentRegion = English;
			hasScannedForEncodings = 0;
			knownRegions = (
				en,
				Base,
			);
			mainGroup = 23A16DE31E1B884D007CD73A;
			productRefGroup = 23A16DED1E1B884D007CD73A /* Products */;
			projectDirPath = "";
			projectRoot = "";
			targets = (
				23A16DEB1E1B884D007CD73A /* SWeChat */,
				23A16DFF1E1B884D007CD73A /* SWeChatTests */,
				23A16E0A1E1B884D007CD73A /* SWeChatUITests */,
			);
		};
/* End PBXProject section */

/* Begin PBXResourcesBuildPhase section */
		23A16DEA1E1B884D007CD73A /* Resources */ = {
			isa = PBXResourcesBuildPhase;
			buildActionMask = 2147483647;
			files = (
				23A2FCF51E1CEE1800517AC5 /* chat.json in Resources */,
				235CCE9C1E1E1E9200C55ED3 /* DiscoverController.xib in Resources */,
				23A2FCE71E1CCD4500517AC5 /* ConstactsController.xib in Resources */,
				23417A3C1E1F471800A1DA34 /* QKMessageCell.xib in Resources */,
				23A16E321E1B8F0C007CD73A /* Assets.xcassets in Resources */,
				23A16E501E1BAFB3007CD73A /* Media.xcassets in Resources */,
				23A2FCCF1E1C8BAD00517AC5 /* Info.plist in Resources */,
				23A2FCDB1E1C957B00517AC5 /* TSImageTextTableViewCell.xib in Resources */,
				23A2FCF71E1CEE1800517AC5 /* message.json in Resources */,
				23A2FCF81E1CEE1800517AC5 /* moments.json in Resources */,
				235CCE9E1E1E227C00C55ED3 /* Kenny.jpg in Resources */,
				23A2FCF61E1CEE1800517AC5 /* contact.json in Resources */,
				2362E2B51E2324D400CAA3E2 /* QKChatActionBarView.xib in Resources */,
				23A2FCD11E1C8E2300517AC5 /* MeController.xib in Resources */,
				235CCEA01E1E2C2C00C55ED3 /* MessageController.xib in Resources */,
				23417A421E1F98FF00A1DA34 /* QKChatViewController.xib in Resources */,
				23A2FCED1E1CD1B400517AC5 /* QKConstactCell.xib in Resources */,
				23A2FCD71E1C912200517AC5 /* TSMeAvatarTableViewCell.xib in Resources */,
			);
			runOnlyForDeploymentPostprocessing = 0;
		};
		23A16DFE1E1B884D007CD73A /* Resources */ = {
			isa = PBXResourcesBuildPhase;
			buildActionMask = 2147483647;
			files = (
			);
			runOnlyForDeploymentPostprocessing = 0;
		};
		23A16E091E1B884D007CD73A /* Resources */ = {
			isa = PBXResourcesBuildPhase;
			buildActionMask = 2147483647;
			files = (
			);
			runOnlyForDeploymentPostprocessing = 0;
		};
/* End PBXResourcesBuildPhase section */

/* Begin PBXShellScriptBuildPhase section */
		114C4C849664194640000A62 /* [CP] Embed Pods Frameworks */ = {
			isa = PBXShellScriptBuildPhase;
			buildActionMask = 2147483647;
			files = (
			);
			inputPaths = (
			);
			name = "[CP] Embed Pods Frameworks";
			outputPaths = (
			);
			runOnlyForDeploymentPostprocessing = 0;
			shellPath = /bin/sh;
			shellScript = "\"${SRCROOT}/Pods/Target Support Files/Pods-SWeChat/Pods-SWeChat-frameworks.sh\"\n";
			showEnvVarsInLog = 0;
		};
		1A458762089C0B490B6DA43A /* [CP] Copy Pods Resources */ = {
			isa = PBXShellScriptBuildPhase;
			buildActionMask = 2147483647;
			files = (
			);
			inputPaths = (
			);
			name = "[CP] Copy Pods Resources";
			outputPaths = (
			);
			runOnlyForDeploymentPostprocessing = 0;
			shellPath = /bin/sh;
			shellScript = "\"${SRCROOT}/Pods/Target Support Files/Pods-SWeChat/Pods-SWeChat-resources.sh\"\n";
			showEnvVarsInLog = 0;
		};
		D868F8F22E15D1E5ECBDFB61 /* [CP] Check Pods Manifest.lock */ = {
			isa = PBXShellScriptBuildPhase;
			buildActionMask = 2147483647;
			files = (
			);
			inputPaths = (
			);
			name = "[CP] Check Pods Manifest.lock";
			outputPaths = (
			);
			runOnlyForDeploymentPostprocessing = 0;
			shellPath = /bin/sh;
			shellScript = "diff \"${PODS_ROOT}/../Podfile.lock\" \"${PODS_ROOT}/Manifest.lock\" > /dev/null\nif [[ $? != 0 ]] ; then\n    cat << EOM\nerror: The sandbox is not in sync with the Podfile.lock. Run 'pod install' or update your CocoaPods installation.\nEOM\n    exit 1\nfi\n";
			showEnvVarsInLog = 0;
		};
/* End PBXShellScriptBuildPhase section */

/* Begin PBXSourcesBuildPhase section */
		23A16DE81E1B884D007CD73A /* Sources */ = {
			isa = PBXSourcesBuildPhase;
			buildActionMask = 2147483647;
			files = (
				23417A441E1F9B0800A1DA34 /* UIViewController+Extension.swift in Sources */,
				23A16E4C1E1B9659007CD73A /* MeController.swift in Sources */,
				23417A381E1F2D3200A1DA34 /* QKMessageActionFloatView.swift in Sources */,
				23417A411E1F98FF00A1DA34 /* QKChatViewController.swift in Sources */,
				23417A461E1F9B6C00A1DA34 /* NSObject+String.swift in Sources */,
				23A16E421E1B936A007CD73A /* QKMainTabController.swift in Sources */,
				23A16E441E1B944C007CD73A /* TSUIImage+WeChat.swift in Sources */,
				235CCEA41E1E301000C55ED3 /* QKModelTransformer.swift in Sources */,
				23A16DF01E1B884D007CD73A /* AppDelegate.swift in Sources */,
				23A16E481E1B9627007CD73A /* ConstactsController.swift in Sources */,
				2362E2B71E23288200CAA3E2 /* QKChatButton.swift in Sources */,
				2362E2B31E2324AF00CAA3E2 /* QKChatActionBarView.swift in Sources */,
				23A2FCDA1E1C957B00517AC5 /* TSImageTextTableViewCell.swift in Sources */,
				23A2FCFA1E1CF1F300517AC5 /* NSDictionary+Extension.swift in Sources */,
				23A2FCD61E1C912200517AC5 /* TSMeAvatarTableViewCell.swift in Sources */,
				23A16E461E1B9608007CD73A /* MessageController.swift in Sources */,
				23A2FCE21E1CC38000517AC5 /* QKContactModel.swift in Sources */,
				235CCEA21E1E2CE700C55ED3 /* QKMessageModel.swift in Sources */,
				23A2FCE41E1CC4F200517AC5 /* QKModel.swift in Sources */,
				23A2FCEC1E1CD1B400517AC5 /* QKConstactCell.swift in Sources */,
				23417A3B1E1F471800A1DA34 /* QKMessageCell.swift in Sources */,
				235CCEA61E1E330F00C55ED3 /* NSDate+Extension.swift in Sources */,
				23A2FCEF1E1CD68F00517AC5 /* QKImageView+WebChat.swift in Sources */,
				23417A3E1E1F739200A1DA34 /* UIBarButtonItem+Block.swift in Sources */,
				23A2FCDD1E1C96EA00517AC5 /* QKLog.swift in Sources */,
				23A16E4A1E1B9642007CD73A /* DiscoverController.swift in Sources */,
				23A16E4E1E1BA9F3007CD73A /* UICollor+WeChat.swift in Sources */,
			);
			runOnlyForDeploymentPostprocessing = 0;
		};
		23A16DFC1E1B884D007CD73A /* Sources */ = {
			isa = PBXSourcesBuildPhase;
			buildActionMask = 2147483647;
			files = (
				23A16E051E1B884D007CD73A /* SWeChatTests.swift in Sources */,
				23A2FCE51E1CC59700517AC5 /* QKModel.swift in Sources */,
			);
			runOnlyForDeploymentPostprocessing = 0;
		};
		23A16E071E1B884D007CD73A /* Sources */ = {
			isa = PBXSourcesBuildPhase;
			buildActionMask = 2147483647;
			files = (
				23A16E101E1B884D007CD73A /* SWeChatUITests.swift in Sources */,
			);
			runOnlyForDeploymentPostprocessing = 0;
		};
/* End PBXSourcesBuildPhase section */

/* Begin PBXTargetDependency section */
		23A16E021E1B884D007CD73A /* PBXTargetDependency */ = {
			isa = PBXTargetDependency;
			target = 23A16DEB1E1B884D007CD73A /* SWeChat */;
			targetProxy = 23A16E011E1B884D007CD73A /* PBXContainerItemProxy */;
		};
		23A16E0D1E1B884D007CD73A /* PBXTargetDependency */ = {
			isa = PBXTargetDependency;
			target = 23A16DEB1E1B884D007CD73A /* SWeChat */;
			targetProxy = 23A16E0C1E1B884D007CD73A /* PBXContainerItemProxy */;
		};
/* End PBXTargetDependency section */

/* Begin XCBuildConfiguration section */
		23A16E121E1B884D007CD73A /* Debug */ = {
			isa = XCBuildConfiguration;
			buildSettings = {
				ALWAYS_SEARCH_USER_PATHS = NO;
				CLANG_ANALYZER_NONNULL = YES;
				CLANG_CXX_LANGUAGE_STANDARD = "gnu++0x";
				CLANG_CXX_LIBRARY = "libc++";
				CLANG_ENABLE_MODULES = YES;
				CLANG_ENABLE_OBJC_ARC = YES;
				CLANG_WARN_BOOL_CONVERSION = YES;
				CLANG_WARN_CONSTANT_CONVERSION = YES;
				CLANG_WARN_DIRECT_OBJC_ISA_USAGE = YES_ERROR;
				CLANG_WARN_DOCUMENTATION_COMMENTS = YES;
				CLANG_WARN_EMPTY_BODY = YES;
				CLANG_WARN_ENUM_CONVERSION = YES;
				CLANG_WARN_INFINITE_RECURSION = YES;
				CLANG_WARN_INT_CONVERSION = YES;
				CLANG_WARN_OBJC_ROOT_CLASS = YES_ERROR;
				CLANG_WARN_SUSPICIOUS_MOVE = YES;
				CLANG_WARN_UNREACHABLE_CODE = YES;
				CLANG_WARN__DUPLICATE_METHOD_MATCH = YES;
				"CODE_SIGN_IDENTITY[sdk=iphoneos*]" = "iPhone Developer";
				COPY_PHASE_STRIP = NO;
				DEBUG_INFORMATION_FORMAT = dwarf;
				ENABLE_STRICT_OBJC_MSGSEND = YES;
				ENABLE_TESTABILITY = YES;
				GCC_C_LANGUAGE_STANDARD = gnu99;
				GCC_DYNAMIC_NO_PIC = NO;
				GCC_NO_COMMON_BLOCKS = YES;
				GCC_OPTIMIZATION_LEVEL = 0;
				GCC_PREPROCESSOR_DEFINITIONS = (
					"DEBUG=1",
					"$(inherited)",
				);
				GCC_WARN_64_TO_32_BIT_CONVERSION = YES;
				GCC_WARN_ABOUT_RETURN_TYPE = YES_ERROR;
				GCC_WARN_UNDECLARED_SELECTOR = YES;
				GCC_WARN_UNINITIALIZED_AUTOS = YES_AGGRESSIVE;
				GCC_WARN_UNUSED_FUNCTION = YES;
				GCC_WARN_UNUSED_VARIABLE = YES;
				IPHONEOS_DEPLOYMENT_TARGET = 10.2;
				MTL_ENABLE_DEBUG_INFO = YES;
				ONLY_ACTIVE_ARCH = YES;
				SDKROOT = iphoneos;
				SWIFT_ACTIVE_COMPILATION_CONDITIONS = DEBUG;
				SWIFT_OPTIMIZATION_LEVEL = "-Onone";
				TARGETED_DEVICE_FAMILY = "1,2";
			};
			name = Debug;
		};
		23A16E131E1B884D007CD73A /* Release */ = {
			isa = XCBuildConfiguration;
			buildSettings = {
				ALWAYS_SEARCH_USER_PATHS = NO;
				CLANG_ANALYZER_NONNULL = YES;
				CLANG_CXX_LANGUAGE_STANDARD = "gnu++0x";
				CLANG_CXX_LIBRARY = "libc++";
				CLANG_ENABLE_MODULES = YES;
				CLANG_ENABLE_OBJC_ARC = YES;
				CLANG_WARN_BOOL_CONVERSION = YES;
				CLANG_WARN_CONSTANT_CONVERSION = YES;
				CLANG_WARN_DIRECT_OBJC_ISA_USAGE = YES_ERROR;
				CLANG_WARN_DOCUMENTATION_COMMENTS = YES;
				CLANG_WARN_EMPTY_BODY = YES;
				CLANG_WARN_ENUM_CONVERSION = YES;
				CLANG_WARN_INFINITE_RECURSION = YES;
				CLANG_WARN_INT_CONVERSION = YES;
				CLANG_WARN_OBJC_ROOT_CLASS = YES_ERROR;
				CLANG_WARN_SUSPICIOUS_MOVE = YES;
				CLANG_WARN_UNREACHABLE_CODE = YES;
				CLANG_WARN__DUPLICATE_METHOD_MATCH = YES;
				"CODE_SIGN_IDENTITY[sdk=iphoneos*]" = "iPhone Developer";
				COPY_PHASE_STRIP = NO;
				DEBUG_INFORMATION_FORMAT = "dwarf-with-dsym";
				ENABLE_NS_ASSERTIONS = NO;
				ENABLE_STRICT_OBJC_MSGSEND = YES;
				GCC_C_LANGUAGE_STANDARD = gnu99;
				GCC_NO_COMMON_BLOCKS = YES;
				GCC_WARN_64_TO_32_BIT_CONVERSION = YES;
				GCC_WARN_ABOUT_RETURN_TYPE = YES_ERROR;
				GCC_WARN_UNDECLARED_SELECTOR = YES;
				GCC_WARN_UNINITIALIZED_AUTOS = YES_AGGRESSIVE;
				GCC_WARN_UNUSED_FUNCTION = YES;
				GCC_WARN_UNUSED_VARIABLE = YES;
				IPHONEOS_DEPLOYMENT_TARGET = 10.2;
				MTL_ENABLE_DEBUG_INFO = NO;
				SDKROOT = iphoneos;
				SWIFT_OPTIMIZATION_LEVEL = "-Owholemodule";
				TARGETED_DEVICE_FAMILY = "1,2";
				VALIDATE_PRODUCT = YES;
			};
			name = Release;
		};
		23A16E151E1B884D007CD73A /* Debug */ = {
			isa = XCBuildConfiguration;
			baseConfigurationReference = 85BDAE587576D80875DFB210 /* Pods-SWeChat.debug.xcconfig */;
			buildSettings = {
				ASSETCATALOG_COMPILER_APPICON_NAME = AppIcon;
				ASSETCATALOG_COMPILER_LAUNCHIMAGE_NAME = LaunchImage;
				DEVELOPMENT_TEAM = "";
				INFOPLIST_FILE = "$(SRCROOT)/SWeChat/Supportting Files/Info.plist";
				IPHONEOS_DEPLOYMENT_TARGET = 8.0;
				LD_RUNPATH_SEARCH_PATHS = "$(inherited) @executable_path/Frameworks";
				PRODUCT_BUNDLE_IDENTIFIER = EasyIOS.SWeChat;
				PRODUCT_NAME = "$(TARGET_NAME)";
				SWIFT_VERSION = 3.0;
				TARGETED_DEVICE_FAMILY = 1;
			};
			name = Debug;
		};
		23A16E161E1B884D007CD73A /* Release */ = {
			isa = XCBuildConfiguration;
			baseConfigurationReference = 8F1777F9A160EF32D704C198 /* Pods-SWeChat.release.xcconfig */;
			buildSettings = {
				ASSETCATALOG_COMPILER_APPICON_NAME = AppIcon;
				ASSETCATALOG_COMPILER_LAUNCHIMAGE_NAME = LaunchImage;
				DEVELOPMENT_TEAM = 8QYB4F2VKK;
				INFOPLIST_FILE = "$(SRCROOT)/SWeChat/Supportting Files/Info.plist";
				IPHONEOS_DEPLOYMENT_TARGET = 8.0;
				LD_RUNPATH_SEARCH_PATHS = "$(inherited) @executable_path/Frameworks";
				PRODUCT_BUNDLE_IDENTIFIER = EasyIOS.SWeChat;
				PRODUCT_NAME = "$(TARGET_NAME)";
				PROVISIONING_PROFILE = "3463b704-3f84-4340-8d5a-f3fa2d9811cc";
				PROVISIONING_PROFILE_SPECIFIER = DevelopAll1102;
				SWIFT_VERSION = 3.0;
				TARGETED_DEVICE_FAMILY = 1;
			};
			name = Release;
		};
		23A16E181E1B884D007CD73A /* Debug */ = {
			isa = XCBuildConfiguration;
			buildSettings = {
				ALWAYS_EMBED_SWIFT_STANDARD_LIBRARIES = YES;
				BUNDLE_LOADER = "$(TEST_HOST)";
				INFOPLIST_FILE = SWeChatTests/Info.plist;
				LD_RUNPATH_SEARCH_PATHS = "$(inherited) @executable_path/Frameworks @loader_path/Frameworks";
				PRODUCT_BUNDLE_IDENTIFIER = EasyIOS.SWeChatTests;
				PRODUCT_NAME = "$(TARGET_NAME)";
				SWIFT_VERSION = 3.0;
				TEST_HOST = "$(BUILT_PRODUCTS_DIR)/SWeChat.app/SWeChat";
			};
			name = Debug;
		};
		23A16E191E1B884D007CD73A /* Release */ = {
			isa = XCBuildConfiguration;
			buildSettings = {
				ALWAYS_EMBED_SWIFT_STANDARD_LIBRARIES = YES;
				BUNDLE_LOADER = "$(TEST_HOST)";
				INFOPLIST_FILE = SWeChatTests/Info.plist;
				LD_RUNPATH_SEARCH_PATHS = "$(inherited) @executable_path/Frameworks @loader_path/Frameworks";
				PRODUCT_BUNDLE_IDENTIFIER = EasyIOS.SWeChatTests;
				PRODUCT_NAME = "$(TARGET_NAME)";
				SWIFT_VERSION = 3.0;
				TEST_HOST = "$(BUILT_PRODUCTS_DIR)/SWeChat.app/SWeChat";
			};
			name = Release;
		};
		23A16E1B1E1B884D007CD73A /* Debug */ = {
			isa = XCBuildConfiguration;
			buildSettings = {
				ALWAYS_EMBED_SWIFT_STANDARD_LIBRARIES = YES;
				INFOPLIST_FILE = SWeChatUITests/Info.plist;
				LD_RUNPATH_SEARCH_PATHS = "$(inherited) @executable_path/Frameworks @loader_path/Frameworks";
				PRODUCT_BUNDLE_IDENTIFIER = EasyIOS.SWeChatUITests;
				PRODUCT_NAME = "$(TARGET_NAME)";
				SWIFT_VERSION = 3.0;
				TEST_TARGET_NAME = SWeChat;
			};
			name = Debug;
		};
		23A16E1C1E1B884D007CD73A /* Release */ = {
			isa = XCBuildConfiguration;
			buildSettings = {
				ALWAYS_EMBED_SWIFT_STANDARD_LIBRARIES = YES;
				INFOPLIST_FILE = SWeChatUITests/Info.plist;
				LD_RUNPATH_SEARCH_PATHS = "$(inherited) @executable_path/Frameworks @loader_path/Frameworks";
				PRODUCT_BUNDLE_IDENTIFIER = EasyIOS.SWeChatUITests;
				PRODUCT_NAME = "$(TARGET_NAME)";
				SWIFT_VERSION = 3.0;
				TEST_TARGET_NAME = SWeChat;
			};
			name = Release;
		};
/* End XCBuildConfiguration section */

/* Begin XCConfigurationList section */
		23A16DE71E1B884D007CD73A /* Build configuration list for PBXProject "SWeChat" */ = {
			isa = XCConfigurationList;
			buildConfigurations = (
				23A16E121E1B884D007CD73A /* Debug */,
				23A16E131E1B884D007CD73A /* Release */,
			);
			defaultConfigurationIsVisible = 0;
			defaultConfigurationName = Release;
		};
		23A16E141E1B884D007CD73A /* Build configuration list for PBXNativeTarget "SWeChat" */ = {
			isa = XCConfigurationList;
			buildConfigurations = (
				23A16E151E1B884D007CD73A /* Debug */,
				23A16E161E1B884D007CD73A /* Release */,
			);
			defaultConfigurationIsVisible = 0;
			defaultConfigurationName = Release;
		};
		23A16E171E1B884D007CD73A /* Build configuration list for PBXNativeTarget "SWeChatTests" */ = {
			isa = XCConfigurationList;
			buildConfigurations = (
				23A16E181E1B884D007CD73A /* Debug */,
				23A16E191E1B884D007CD73A /* Release */,
			);
			defaultConfigurationIsVisible = 0;
			defaultConfigurationName = Release;
		};
		23A16E1A1E1B884D007CD73A /* Build configuration list for PBXNativeTarget "SWeChatUITests" */ = {
			isa = XCConfigurationList;
			buildConfigurations = (
				23A16E1B1E1B884D007CD73A /* Debug */,
				23A16E1C1E1B884D007CD73A /* Release */,
			);
			defaultConfigurationIsVisible = 0;
			defaultConfigurationName = Release;
		};
/* End XCConfigurationList section */
	};
	rootObject = 23A16DE41E1B884D007CD73A /* Project object */;
}
